{
  "nodes": {
    "nixpkgs": {
      "locked": {
        "lastModified": 1616866564,
        "narHash": "sha256-UnHMztF0fd4XPJlxesLgPNx2WKeHpqNtvff7USXOH4s=",
        "owner": "NixOS",
        "repo": "nixpkgs",
        "rev": "1433dad051b601261d39de1bbb63dc030018efd7",
        "type": "github"
      },
      "original": {
        "id": "nixpkgs",
        "type": "indirect"
      }
    },
    "root": {
      "inputs": {
        "nixpkgs": "nixpkgs"
      }
    }
  },
  "root": "root",
  "version": 7
}
