{
  "nodes": {
    "nixpkgs": {
      "locked": {
        "lastModified": 1616036725,
        "narHash": "sha256-ihCnSiymWk1B0r7JdZh6ea5TRX8HkXIVBq8OQly3pzc=",
        "owner": "NixOS",
        "repo": "nixpkgs",
        "rev": "8463b9959d888ce70d07fdd1cb1e9c62ce2e6dd2",
        "type": "github"
      },
      "original": {
        "id": "nixpkgs",
        "type": "indirect"
      }
    },
    "root": {
      "inputs": {
        "nixpkgs": "nixpkgs"
      }
    }
  },
  "root": "root",
  "version": 7
}
